// !$*UTF8*$!
{
	archiveVersion = 1;
	classes = {
	};
	objectVersion = 48;
	objects = {

/* Begin PBXBuildFile section */
		E0A8A8AB1FFB2C9400B76C04 /* AppDelegate.swift in Sources */ = {isa = PBXBuildFile; fileRef = E0A8A8AA1FFB2C9400B76C04 /* AppDelegate.swift */; };
		E0A8A8AD1FFB2C9400B76C04 /* ViewController.swift in Sources */ = {isa = PBXBuildFile; fileRef = E0A8A8AC1FFB2C9400B76C04 /* ViewController.swift */; };
		E0A8A8B01FFB2C9400B76C04 /* Main.storyboard in Resources */ = {isa = PBXBuildFile; fileRef = E0A8A8AE1FFB2C9400B76C04 /* Main.storyboard */; };
		E0A8A8B21FFB2C9400B76C04 /* Assets.xcassets in Resources */ = {isa = PBXBuildFile; fileRef = E0A8A8B11FFB2C9400B76C04 /* Assets.xcassets */; };
		E0A8A8B51FFB2C9400B76C04 /* LaunchScreen.storyboard in Resources */ = {isa = PBXBuildFile; fileRef = E0A8A8B31FFB2C9400B76C04 /* LaunchScreen.storyboard */; };
		E0A8A8C01FFB2C9400B76C04 /* DedeRidesTests.swift in Sources */ = {isa = PBXBuildFile; fileRef = E0A8A8BF1FFB2C9400B76C04 /* DedeRidesTests.swift */; };
		E0A8A8CB1FFB2C9400B76C04 /* DedeRidesUITests.swift in Sources */ = {isa = PBXBuildFile; fileRef = E0A8A8CA1FFB2C9400B76C04 /* DedeRidesUITests.swift */; };
/* End PBXBuildFile section */

/* Begin PBXContainerItemProxy section */
		E0A8A8BC1FFB2C9400B76C04 /* PBXContainerItemProxy */ = {
			isa = PBXContainerItemProxy;
			containerPortal = E0A8A89F1FFB2C9400B76C04 /* Project object */;
			proxyType = 1;
			remoteGlobalIDString = E0A8A8A61FFB2C9400B76C04;
			remoteInfo = DedeRides;
		};
		E0A8A8C71FFB2C9400B76C04 /* PBXContainerItemProxy */ = {
			isa = PBXContainerItemProxy;
			containerPortal = E0A8A89F1FFB2C9400B76C04 /* Project object */;
			proxyType = 1;
			remoteGlobalIDString = E0A8A8A61FFB2C9400B76C04;
			remoteInfo = DedeRides;
		};
/* End PBXContainerItemProxy section */

/* Begin PBXFileReference section */
		E0A8A8A71FFB2C9400B76C04 /* DedeRides.app */ = {isa = PBXFileReference; explicitFileType = wrapper.application; includeInIndex = 0; path = DedeRides.app; sourceTree = BUILT_PRODUCTS_DIR; };
		E0A8A8AA1FFB2C9400B76C04 /* AppDelegate.swift */ = {isa = PBXFileReference; lastKnownFileType = sourcecode.swift; path = AppDelegate.swift; sourceTree = "<group>"; };
		E0A8A8AC1FFB2C9400B76C04 /* ViewController.swift */ = {isa = PBXFileReference; lastKnownFileType = sourcecode.swift; path = ViewController.swift; sourceTree = "<group>"; };
		E0A8A8AF1FFB2C9400B76C04 /* Base */ = {isa = PBXFileReference; lastKnownFileType = file.storyboard; name = Base; path = Base.lproj/Main.storyboard; sourceTree = "<group>"; };
		E0A8A8B11FFB2C9400B76C04 /* Assets.xcassets */ = {isa = PBXFileReference; lastKnownFileType = folder.assetcatalog; path = Assets.xcassets; sourceTree = "<group>"; };
		E0A8A8B41FFB2C9400B76C04 /* Base */ = {isa = PBXFileReference; lastKnownFileType = file.storyboard; name = Base; path = Base.lproj/LaunchScreen.storyboard; sourceTree = "<group>"; };
		E0A8A8B61FFB2C9400B76C04 /* Info.plist */ = {isa = PBXFileReference; lastKnownFileType = text.plist.xml; path = Info.plist; sourceTree = "<group>"; };
		E0A8A8BB1FFB2C9400B76C04 /* DedeRidesTests.xctest */ = {isa = PBXFileReference; explicitFileType = wrapper.cfbundle; includeInIndex = 0; path = DedeRidesTests.xctest; sourceTree = BUILT_PRODUCTS_DIR; };
		E0A8A8BF1FFB2C9400B76C04 /* DedeRidesTests.swift */ = {isa = PBXFileReference; lastKnownFileType = sourcecode.swift; path = DedeRidesTests.swift; sourceTree = "<group>"; };
		E0A8A8C11FFB2C9400B76C04 /* Info.plist */ = {isa = PBXFileReference; lastKnownFileType = text.plist.xml; path = Info.plist; sourceTree = "<group>"; };
		E0A8A8C61FFB2C9400B76C04 /* DedeRidesUITests.xctest */ = {isa = PBXFileReference; explicitFileType = wrapper.cfbundle; includeInIndex = 0; path = DedeRidesUITests.xctest; sourceTree = BUILT_PRODUCTS_DIR; };
		E0A8A8CA1FFB2C9400B76C04 /* DedeRidesUITests.swift */ = {isa = PBXFileReference; lastKnownFileType = sourcecode.swift; path = DedeRidesUITests.swift; sourceTree = "<group>"; };
		E0A8A8CC1FFB2C9400B76C04 /* Info.plist */ = {isa = PBXFileReference; lastKnownFileType = text.plist.xml; path = Info.plist; sourceTree = "<group>"; };
/* End PBXFileReference section */

/* Begin PBXFrameworksBuildPhase section */
		E0A8A8A41FFB2C9400B76C04 /* Frameworks */ = {
			isa = PBXFrameworksBuildPhase;
			buildActionMask = 2147483647;
			files = (
			);
			runOnlyForDeploymentPostprocessing = 0;
		};
		E0A8A8B81FFB2C9400B76C04 /* Frameworks */ = {
			isa = PBXFrameworksBuildPhase;
			buildActionMask = 2147483647;
			files = (
			);
			runOnlyForDeploymentPostprocessing = 0;
		};
		E0A8A8C31FFB2C9400B76C04 /* Frameworks */ = {
			isa = PBXFrameworksBuildPhase;
			buildActionMask = 2147483647;
			files = (
			);
			runOnlyForDeploymentPostprocessing = 0;
		};
/* End PBXFrameworksBuildPhase section */

/* Begin PBXGroup section */
		E0A8A89E1FFB2C9400B76C04 = {
			isa = PBXGroup;
			children = (
				E0A8A8A91FFB2C9400B76C04 /* DedeRides */,
				E0A8A8BE1FFB2C9400B76C04 /* DedeRidesTests */,
				E0A8A8C91FFB2C9400B76C04 /* DedeRidesUITests */,
				E0A8A8A81FFB2C9400B76C04 /* Products */,
			);
			sourceTree = "<group>";
		};
		E0A8A8A81FFB2C9400B76C04 /* Products */ = {
			isa = PBXGroup;
			children = (
				E0A8A8A71FFB2C9400B76C04 /* DedeRides.app */,
				E0A8A8BB1FFB2C9400B76C04 /* DedeRidesTests.xctest */,
				E0A8A8C61FFB2C9400B76C04 /* DedeRidesUITests.xctest */,
			);
			name = Products;
			sourceTree = "<group>";
		};
		E0A8A8A91FFB2C9400B76C04 /* DedeRides */ = {
			isa = PBXGroup;
			children = (
				E0A8A8AA1FFB2C9400B76C04 /* AppDelegate.swift */,
				E0A8A8AC1FFB2C9400B76C04 /* ViewController.swift */,
				E0A8A8AE1FFB2C9400B76C04 /* Main.storyboard */,
				E0A8A8B11FFB2C9400B76C04 /* Assets.xcassets */,
				E0A8A8B31FFB2C9400B76C04 /* LaunchScreen.storyboard */,
				E0A8A8B61FFB2C9400B76C04 /* Info.plist */,
			);
			path = DedeRides;
			sourceTree = "<group>";
		};
		E0A8A8BE1FFB2C9400B76C04 /* DedeRidesTests */ = {
			isa = PBXGroup;
			children = (
				E0A8A8BF1FFB2C9400B76C04 /* DedeRidesTests.swift */,
				E0A8A8C11FFB2C9400B76C04 /* Info.plist */,
			);
			path = DedeRidesTests;
			sourceTree = "<group>";
		};
		E0A8A8C91FFB2C9400B76C04 /* DedeRidesUITests */ = {
			isa = PBXGroup;
			children = (
				E0A8A8CA1FFB2C9400B76C04 /* DedeRidesUITests.swift */,
				E0A8A8CC1FFB2C9400B76C04 /* Info.plist */,
			);
			path = DedeRidesUITests;
			sourceTree = "<group>";
		};
/* End PBXGroup section */

/* Begin PBXNativeTarget section */
		E0A8A8A61FFB2C9400B76C04 /* DedeRides */ = {
			isa = PBXNativeTarget;
			buildConfigurationList = E0A8A8CF1FFB2C9400B76C04 /* Build configuration list for PBXNativeTarget "DedeRides" */;
			buildPhases = (
				E0A8A8A31FFB2C9400B76C04 /* Sources */,
				E0A8A8A41FFB2C9400B76C04 /* Frameworks */,
				E0A8A8A51FFB2C9400B76C04 /* Resources */,
			);
			buildRules = (
			);
			dependencies = (
			);
			name = DedeRides;
			productName = DedeRides;
			productReference = E0A8A8A71FFB2C9400B76C04 /* DedeRides.app */;
			productType = "com.apple.product-type.application";
		};
		E0A8A8BA1FFB2C9400B76C04 /* DedeRidesTests */ = {
			isa = PBXNativeTarget;
			buildConfigurationList = E0A8A8D21FFB2C9400B76C04 /* Build configuration list for PBXNativeTarget "DedeRidesTests" */;
			buildPhases = (
				E0A8A8B71FFB2C9400B76C04 /* Sources */,
				E0A8A8B81FFB2C9400B76C04 /* Frameworks */,
				E0A8A8B91FFB2C9400B76C04 /* Resources */,
			);
			buildRules = (
			);
			dependencies = (
				E0A8A8BD1FFB2C9400B76C04 /* PBXTargetDependency */,
			);
			name = DedeRidesTests;
			productName = DedeRidesTests;
			productReference = E0A8A8BB1FFB2C9400B76C04 /* DedeRidesTests.xctest */;
			productType = "com.apple.product-type.bundle.unit-test";
		};
		E0A8A8C51FFB2C9400B76C04 /* DedeRidesUITests */ = {
			isa = PBXNativeTarget;
			buildConfigurationList = E0A8A8D51FFB2C9400B76C04 /* Build configuration list for PBXNativeTarget "DedeRidesUITests" */;
			buildPhases = (
				E0A8A8C21FFB2C9400B76C04 /* Sources */,
				E0A8A8C31FFB2C9400B76C04 /* Frameworks */,
				E0A8A8C41FFB2C9400B76C04 /* Resources */,
			);
			buildRules = (
			);
			dependencies = (
				E0A8A8C81FFB2C9400B76C04 /* PBXTargetDependency */,
			);
			name = DedeRidesUITests;
			productName = DedeRidesUITests;
			productReference = E0A8A8C61FFB2C9400B76C04 /* DedeRidesUITests.xctest */;
			productType = "com.apple.product-type.bundle.ui-testing";
		};
/* End PBXNativeTarget section */

/* Begin PBXProject section */
		E0A8A89F1FFB2C9400B76C04 /* Project object */ = {
			isa = PBXProject;
			attributes = {
				LastSwiftUpdateCheck = 0920;
				LastUpgradeCheck = 0920;
				ORGANIZATIONNAME = "Grant Broadwater";
				TargetAttributes = {
					E0A8A8A61FFB2C9400B76C04 = {
						CreatedOnToolsVersion = 9.2;
						ProvisioningStyle = Automatic;
					};
					E0A8A8BA1FFB2C9400B76C04 = {
						CreatedOnToolsVersion = 9.2;
						ProvisioningStyle = Automatic;
						TestTargetID = E0A8A8A61FFB2C9400B76C04;
					};
					E0A8A8C51FFB2C9400B76C04 = {
						CreatedOnToolsVersion = 9.2;
						ProvisioningStyle = Automatic;
						TestTargetID = E0A8A8A61FFB2C9400B76C04;
					};
				};
			};
			buildConfigurationList = E0A8A8A21FFB2C9400B76C04 /* Build configuration list for PBXProject "DedeRides" */;
			compatibilityVersion = "Xcode 8.0";
			developmentRegion = en;
			hasScannedForEncodings = 0;
			knownRegions = (
				en,
				Base,
			);
			mainGroup = E0A8A89E1FFB2C9400B76C04;
			productRefGroup = E0A8A8A81FFB2C9400B76C04 /* Products */;
			projectDirPath = "";
			projectRoot = "";
			targets = (
				E0A8A8A61FFB2C9400B76C04 /* DedeRides */,
				E0A8A8BA1FFB2C9400B76C04 /* DedeRidesTests */,
				E0A8A8C51FFB2C9400B76C04 /* DedeRidesUITests */,
			);
		};
/* End PBXProject section */

/* Begin PBXResourcesBuildPhase section */
		E0A8A8A51FFB2C9400B76C04 /* Resources */ = {
			isa = PBXResourcesBuildPhase;
			buildActionMask = 2147483647;
			files = (
				E0A8A8B51FFB2C9400B76C04 /* LaunchScreen.storyboard in Resources */,
				E0A8A8B21FFB2C9400B76C04 /* Assets.xcassets in Resources */,
				E0A8A8B01FFB2C9400B76C04 /* Main.storyboard in Resources */,
			);
			runOnlyForDeploymentPostprocessing = 0;
		};
		E0A8A8B91FFB2C9400B76C04 /* Resources */ = {
			isa = PBXResourcesBuildPhase;
			buildActionMask = 2147483647;
			files = (
			);
			runOnlyForDeploymentPostprocessing = 0;
		};
		E0A8A8C41FFB2C9400B76C04 /* Resources */ = {
			isa = PBXResourcesBuildPhase;
			buildActionMask = 2147483647;
			files = (
			);
			runOnlyForDeploymentPostprocessing = 0;
		};
/* End PBXResourcesBuildPhase section */

/* Begin PBXSourcesBuildPhase section */
		E0A8A8A31FFB2C9400B76C04 /* Sources */ = {
			isa = PBXSourcesBuildPhase;
			buildActionMask = 2147483647;
			files = (
				E0A8A8AD1FFB2C9400B76C04 /* ViewController.swift in Sources */,
				E0A8A8AB1FFB2C9400B76C04 /* AppDelegate.swift in Sources */,
			);
			runOnlyForDeploymentPostprocessing = 0;
		};
		E0A8A8B71FFB2C9400B76C04 /* Sources */ = {
			isa = PBXSourcesBuildPhase;
			buildActionMask = 2147483647;
			files = (
				E0A8A8C01FFB2C9400B76C04 /* DedeRidesTests.swift in Sources */,
			);
			runOnlyForDeploymentPostprocessing = 0;
		};
		E0A8A8C21FFB2C9400B76C04 /* Sources */ = {
			isa = PBXSourcesBuildPhase;
			buildActionMask = 2147483647;
			files = (
				E0A8A8CB1FFB2C9400B76C04 /* DedeRidesUITests.swift in Sources */,
			);
			runOnlyForDeploymentPostprocessing = 0;
		};
/* End PBXSourcesBuildPhase section */

/* Begin PBXTargetDependency section */
		E0A8A8BD1FFB2C9400B76C04 /* PBXTargetDependency */ = {
			isa = PBXTargetDependency;
			target = E0A8A8A61FFB2C9400B76C04 /* DedeRides */;
			targetProxy = E0A8A8BC1FFB2C9400B76C04 /* PBXContainerItemProxy */;
		};
		E0A8A8C81FFB2C9400B76C04 /* PBXTargetDependency */ = {
			isa = PBXTargetDependency;
			target = E0A8A8A61FFB2C9400B76C04 /* DedeRides */;
			targetProxy = E0A8A8C71FFB2C9400B76C04 /* PBXContainerItemProxy */;
		};
/* End PBXTargetDependency section */

/* Begin PBXVariantGroup section */
		E0A8A8AE1FFB2C9400B76C04 /* Main.storyboard */ = {
			isa = PBXVariantGroup;
			children = (
				E0A8A8AF1FFB2C9400B76C04 /* Base */,
			);
			name = Main.storyboard;
			sourceTree = "<group>";
		};
		E0A8A8B31FFB2C9400B76C04 /* LaunchScreen.storyboard */ = {
			isa = PBXVariantGroup;
			children = (
				E0A8A8B41FFB2C9400B76C04 /* Base */,
			);
			name = LaunchScreen.storyboard;
			sourceTree = "<group>";
		};
/* End PBXVariantGroup section */

/* Begin XCBuildConfiguration section */
		E0A8A8CD1FFB2C9400B76C04 /* Debug */ = {
			isa = XCBuildConfiguration;
			buildSettings = {
				ALWAYS_SEARCH_USER_PATHS = NO;
				CLANG_ANALYZER_NONNULL = YES;
				CLANG_ANALYZER_NUMBER_OBJECT_CONVERSION = YES_AGGRESSIVE;
				CLANG_CXX_LANGUAGE_STANDARD = "gnu++14";
				CLANG_CXX_LIBRARY = "libc++";
				CLANG_ENABLE_MODULES = YES;
				CLANG_ENABLE_OBJC_ARC = YES;
				CLANG_WARN_BLOCK_CAPTURE_AUTORELEASING = YES;
				CLANG_WARN_BOOL_CONVERSION = YES;
				CLANG_WARN_COMMA = YES;
				CLANG_WARN_CONSTANT_CONVERSION = YES;
				CLANG_WARN_DIRECT_OBJC_ISA_USAGE = YES_ERROR;
				CLANG_WARN_DOCUMENTATION_COMMENTS = YES;
				CLANG_WARN_EMPTY_BODY = YES;
				CLANG_WARN_ENUM_CONVERSION = YES;
				CLANG_WARN_INFINITE_RECURSION = YES;
				CLANG_WARN_INT_CONVERSION = YES;
				CLANG_WARN_NON_LITERAL_NULL_CONVERSION = YES;
				CLANG_WARN_OBJC_LITERAL_CONVERSION = YES;
				CLANG_WARN_OBJC_ROOT_CLASS = YES_ERROR;
				CLANG_WARN_RANGE_LOOP_ANALYSIS = YES;
				CLANG_WARN_STRICT_PROTOTYPES = YES;
				CLANG_WARN_SUSPICIOUS_MOVE = YES;
				CLANG_WARN_UNGUARDED_AVAILABILITY = YES_AGGRESSIVE;
				CLANG_WARN_UNREACHABLE_CODE = YES;
				CLANG_WARN__DUPLICATE_METHOD_MATCH = YES;
				CODE_SIGN_IDENTITY = "iPhone Developer";
				COPY_PHASE_STRIP = NO;
				DEBUG_INFORMATION_FORMAT = dwarf;
				ENABLE_STRICT_OBJC_MSGSEND = YES;
				ENABLE_TESTABILITY = YES;
				GCC_C_LANGUAGE_STANDARD = gnu11;
				GCC_DYNAMIC_NO_PIC = NO;
				GCC_NO_COMMON_BLOCKS = YES;
				GCC_OPTIMIZATION_LEVEL = 0;
				GCC_PREPROCESSOR_DEFINITIONS = (
					"DEBUG=1",
					"$(inherited)",
				);
				GCC_WARN_64_TO_32_BIT_CONVERSION = YES;
				GCC_WARN_ABOUT_RETURN_TYPE = YES_ERROR;
				GCC_WARN_UNDECLARED_SELECTOR = YES;
				GCC_WARN_UNINITIALIZED_AUTOS = YES_AGGRESSIVE;
				GCC_WARN_UNUSED_FUNCTION = YES;
				GCC_WARN_UNUSED_VARIABLE = YES;
				IPHONEOS_DEPLOYMENT_TARGET = 11.2;
				MTL_ENABLE_DEBUG_INFO = YES;
				ONLY_ACTIVE_ARCH = YES;
				SDKROOT = iphoneos;
				SWIFT_ACTIVE_COMPILATION_CONDITIONS = DEBUG;
				SWIFT_OPTIMIZATION_LEVEL = "-Onone";
			};
			name = Debug;
		};
		E0A8A8CE1FFB2C9400B76C04 /* Release */ = {
			isa = XCBuildConfiguration;
			buildSettings = {
				ALWAYS_SEARCH_USER_PATHS = NO;
				CLANG_ANALYZER_NONNULL = YES;
				CLANG_ANALYZER_NUMBER_OBJECT_CONVERSION = YES_AGGRESSIVE;
				CLANG_CXX_LANGUAGE_STANDARD = "gnu++14";
				CLANG_CXX_LIBRARY = "libc++";
				CLANG_ENABLE_MODULES = YES;
				CLANG_ENABLE_OBJC_ARC = YES;
				CLANG_WARN_BLOCK_CAPTURE_AUTORELEASING = YES;
				CLANG_WARN_BOOL_CONVERSION = YES;
				CLANG_WARN_COMMA = YES;
				CLANG_WARN_CONSTANT_CONVERSION = YES;
				CLANG_WARN_DIRECT_OBJC_ISA_USAGE = YES_ERROR;
				CLANG_WARN_DOCUMENTATION_COMMENTS = YES;
				CLANG_WARN_EMPTY_BODY = YES;
				CLANG_WARN_ENUM_CONVERSION = YES;
				CLANG_WARN_INFINITE_RECURSION = YES;
				CLANG_WARN_INT_CONVERSION = YES;
				CLANG_WARN_NON_LITERAL_NULL_CONVERSION = YES;
				CLANG_WARN_OBJC_LITERAL_CONVERSION = YES;
				CLANG_WARN_OBJC_ROOT_CLASS = YES_ERROR;
				CLANG_WARN_RANGE_LOOP_ANALYSIS = YES;
				CLANG_WARN_STRICT_PROTOTYPES = YES;
				CLANG_WARN_SUSPICIOUS_MOVE = YES;
				CLANG_WARN_UNGUARDED_AVAILABILITY = YES_AGGRESSIVE;
				CLANG_WARN_UNREACHABLE_CODE = YES;
				CLANG_WARN__DUPLICATE_METHOD_MATCH = YES;
				CODE_SIGN_IDENTITY = "iPhone Developer";
				COPY_PHASE_STRIP = NO;
				DEBUG_INFORMATION_FORMAT = "dwarf-with-dsym";
				ENABLE_NS_ASSERTIONS = NO;
				ENABLE_STRICT_OBJC_MSGSEND = YES;
				GCC_C_LANGUAGE_STANDARD = gnu11;
				GCC_NO_COMMON_BLOCKS = YES;
				GCC_WARN_64_TO_32_BIT_CONVERSION = YES;
				GCC_WARN_ABOUT_RETURN_TYPE = YES_ERROR;
				GCC_WARN_UNDECLARED_SELECTOR = YES;
				GCC_WARN_UNINITIALIZED_AUTOS = YES_AGGRESSIVE;
				GCC_WARN_UNUSED_FUNCTION = YES;
				GCC_WARN_UNUSED_VARIABLE = YES;
				IPHONEOS_DEPLOYMENT_TARGET = 11.2;
				MTL_ENABLE_DEBUG_INFO = NO;
				SDKROOT = iphoneos;
				SWIFT_OPTIMIZATION_LEVEL = "-Owholemodule";
				VALIDATE_PRODUCT = YES;
			};
			name = Release;
		};
		E0A8A8D01FFB2C9400B76C04 /* Debug */ = {
			isa = XCBuildConfiguration;
			buildSettings = {
				ASSETCATALOG_COMPILER_APPICON_NAME = AppIcon;
				CODE_SIGN_STYLE = Automatic;
				INFOPLIST_FILE = DedeRides/Info.plist;
				LD_RUNPATH_SEARCH_PATHS = "$(inherited) @executable_path/Frameworks";
				PRODUCT_BUNDLE_IDENTIFIER = com.dede.ios.DedeRides;
				PRODUCT_NAME = "$(TARGET_NAME)";
				SWIFT_VERSION = 4.0;
				TARGETED_DEVICE_FAMILY = "1,2";
			};
			name = Debug;
		};
		E0A8A8D11FFB2C9400B76C04 /* Release */ = {
			isa = XCBuildConfiguration;
			buildSettings = {
				ASSETCATALOG_COMPILER_APPICON_NAME = AppIcon;
				CODE_SIGN_STYLE = Automatic;
				INFOPLIST_FILE = DedeRides/Info.plist;
				LD_RUNPATH_SEARCH_PATHS = "$(inherited) @executable_path/Frameworks";
				PRODUCT_BUNDLE_IDENTIFIER = com.dede.ios.DedeRides;
				PRODUCT_NAME = "$(TARGET_NAME)";
				SWIFT_VERSION = 4.0;
				TARGETED_DEVICE_FAMILY = "1,2";
			};
			name = Release;
		};
		E0A8A8D31FFB2C9400B76C04 /* Debug */ = {
			isa = XCBuildConfiguration;
			buildSettings = {
				ALWAYS_EMBED_SWIFT_STANDARD_LIBRARIES = YES;
				BUNDLE_LOADER = "$(TEST_HOST)";
				CODE_SIGN_STYLE = Automatic;
				INFOPLIST_FILE = DedeRidesTests/Info.plist;
				LD_RUNPATH_SEARCH_PATHS = "$(inherited) @executable_path/Frameworks @loader_path/Frameworks";
				PRODUCT_BUNDLE_IDENTIFIER = com.dede.ios.DedeRidesTests;
				PRODUCT_NAME = "$(TARGET_NAME)";
				SWIFT_VERSION = 4.0;
				TARGETED_DEVICE_FAMILY = "1,2";
				TEST_HOST = "$(BUILT_PRODUCTS_DIR)/DedeRides.app/DedeRides";
			};
			name = Debug;
		};
		E0A8A8D41FFB2C9400B76C04 /* Release */ = {
			isa = XCBuildConfiguration;
			buildSettings = {
				ALWAYS_EMBED_SWIFT_STANDARD_LIBRARIES = YES;
				BUNDLE_LOADER = "$(TEST_HOST)";
				CODE_SIGN_STYLE = Automatic;
				INFOPLIST_FILE = DedeRidesTests/Info.plist;
				LD_RUNPATH_SEARCH_PATHS = "$(inherited) @executable_path/Frameworks @loader_path/Frameworks";
				PRODUCT_BUNDLE_IDENTIFIER = com.dede.ios.DedeRidesTests;
				PRODUCT_NAME = "$(TARGET_NAME)";
				SWIFT_VERSION = 4.0;
				TARGETED_DEVICE_FAMILY = "1,2";
				TEST_HOST = "$(BUILT_PRODUCTS_DIR)/DedeRides.app/DedeRides";
			};
			name = Release;
		};
		E0A8A8D61FFB2C9400B76C04 /* Debug */ = {
			isa = XCBuildConfiguration;
			buildSettings = {
				ALWAYS_EMBED_SWIFT_STANDARD_LIBRARIES = YES;
				CODE_SIGN_STYLE = Automatic;
				INFOPLIST_FILE = DedeRidesUITests/Info.plist;
				LD_RUNPATH_SEARCH_PATHS = "$(inherited) @executable_path/Frameworks @loader_path/Frameworks";
				PRODUCT_BUNDLE_IDENTIFIER = com.dede.ios.DedeRidesUITests;
				PRODUCT_NAME = "$(TARGET_NAME)";
				SWIFT_VERSION = 4.0;
				TARGETED_DEVICE_FAMILY = "1,2";
				TEST_TARGET_NAME = DedeRides;
			};
			name = Debug;
		};
		E0A8A8D71FFB2C9400B76C04 /* Release */ = {
			isa = XCBuildConfiguration;
			buildSettings = {
				ALWAYS_EMBED_SWIFT_STANDARD_LIBRARIES = YES;
				CODE_SIGN_STYLE = Automatic;
				INFOPLIST_FILE = DedeRidesUITests/Info.plist;
				LD_RUNPATH_SEARCH_PATHS = "$(inherited) @executable_path/Frameworks @loader_path/Frameworks";
				PRODUCT_BUNDLE_IDENTIFIER = com.dede.ios.DedeRidesUITests;
				PRODUCT_NAME = "$(TARGET_NAME)";
				SWIFT_VERSION = 4.0;
				TARGETED_DEVICE_FAMILY = "1,2";
				TEST_TARGET_NAME = DedeRides;
			};
			name = Release;
		};
/* End XCBuildConfiguration section */

/* Begin XCConfigurationList section */
		E0A8A8A21FFB2C9400B76C04 /* Build configuration list for PBXProject "DedeRides" */ = {
			isa = XCConfigurationList;
			buildConfigurations = (
				E0A8A8CD1FFB2C9400B76C04 /* Debug */,
				E0A8A8CE1FFB2C9400B76C04 /* Release */,
			);
			defaultConfigurationIsVisible = 0;
			defaultConfigurationName = Release;
		};
		E0A8A8CF1FFB2C9400B76C04 /* Build configuration list for PBXNativeTarget "DedeRides" */ = {
			isa = XCConfigurationList;
			buildConfigurations = (
				E0A8A8D01FFB2C9400B76C04 /* Debug */,
				E0A8A8D11FFB2C9400B76C04 /* Release */,
			);
			defaultConfigurationIsVisible = 0;
			defaultConfigurationName = Release;
		};
		E0A8A8D21FFB2C9400B76C04 /* Build configuration list for PBXNativeTarget "DedeRidesTests" */ = {
			isa = XCConfigurationList;
			buildConfigurations = (
				E0A8A8D31FFB2C9400B76C04 /* Debug */,
				E0A8A8D41FFB2C9400B76C04 /* Release */,
			);
			defaultConfigurationIsVisible = 0;
			defaultConfigurationName = Release;
		};
		E0A8A8D51FFB2C9400B76C04 /* Build configuration list for PBXNativeTarget "DedeRidesUITests" */ = {
			isa = XCConfigurationList;
			buildConfigurations = (
				E0A8A8D61FFB2C9400B76C04 /* Debug */,
				E0A8A8D71FFB2C9400B76C04 /* Release */,
			);
			defaultConfigurationIsVisible = 0;
			defaultConfigurationName = Release;
		};
/* End XCConfigurationList section */
	};
	rootObject = E0A8A89F1FFB2C9400B76C04 /* Project object */;
}
